
Microsoft Visual Studio Solution File, Format Version 12.00
# Visual Studio Version 17
VisualStudioVersion = 17.0.31724.453
MinimumVisualStudioVersion = 10.0.40219.1
Project("{9A19103F-16F7-4668-BE54-9A1E7A4F7556}") = "ConsoleSnake", "ConsoleSnake\ConsoleSnake.csproj", "{EAF8B400-8B2D-441E-84BB-FBC899946E63}"
EndProject
Project("{2150E333-8FDC-42A3-9474-1A3956D46DE8}") = "Solution Items", "Solution Items", "{2D8C7194-7E2A-49DF-BF3C-FD5A366A5D06}"
	ProjectSection(SolutionItems) = preProject
		.editorconfig = .editorconfig
		.gitattributes = .gitattributes
		.gitignore = .gitignore
	EndProjectSection
EndProject
Global
	GlobalSection(SolutionConfigurationPlatforms) = preSolution
		Debug|Any CPU = Debug|Any CPU
		Release|Any CPU = Release|Any CPU
	EndGlobalSection
	GlobalSection(ProjectConfigurationPlatforms) = postSolution
		{EAF8B400-8B2D-441E-84BB-FBC899946E63}.Debug|Any CPU.ActiveCfg = Debug|Any CPU
		{EAF8B400-8B2D-441E-84BB-FBC899946E63}.Debug|Any CPU.Build.0 = Debug|Any CPU
		{EAF8B400-8B2D-441E-84BB-FBC899946E63}.Release|Any CPU.ActiveCfg = Release|Any CPU
		{EAF8B400-8B2D-441E-84BB-FBC899946E63}.Release|Any CPU.Build.0 = Release|Any CPU
	EndGlobalSection
	GlobalSection(SolutionProperties) = preSolution
		HideSolutionNode = FALSE
	EndGlobalSection
	GlobalSection(ExtensibilityGlobals) = postSolution
		SolutionGuid = {EF670B10-D004-4C10-A2A9-D379AED09F54}
	EndGlobalSection
EndGlobal
