
Microsoft Visual Studio Solution File, Format Version 12.00
# Visual Studio Version 17
VisualStudioVersion = 17.0.31724.453
MinimumVisualStudioVersion = 10.0.40219.1
Project("{9A19103F-16F7-4668-BE54-9A1E7A4F7556}") = "ConsoleSnake", "ConsoleSnake\ConsoleSnake.csproj", "{EAF8B400-8B2D-441E-84BB-FBC899946E63}"
EndProject
Project("{2150E333-8FDC-42A3-9474-1A3956D46DE8}") = "Solution Items", "Solution Items", "{2D8C7194-7E2A-49DF-BF3C-FD5A366A5D06}"
	ProjectSection(SolutionItems) = preProject
		.dockerignore = .dockerignore
		.editorconfig = .editorconfig
		.gitattributes = .gitattributes
		.gitignore = .gitignore
		Dockerfile = Dockerfile
		README.md = README.md
	EndProjectSection
EndProject
Project("{9A19103F-16F7-4668-BE54-9A1E7A4F7556}") = "GrainInterfaces", "GrainInterfaces\GrainInterfaces.csproj", "{E5F4F6FE-3260-4CCA-9597-5ADEA0B420CE}"
EndProject
Project("{9A19103F-16F7-4668-BE54-9A1E7A4F7556}") = "Grains", "Grains\Grains.csproj", "{00553EBD-CC9D-4898-A7FE-F4CA2C1D62A5}"
EndProject
Project("{9A19103F-16F7-4668-BE54-9A1E7A4F7556}") = "SnakesSilo", "SnakesSilo\SnakesSilo.csproj", "{62647E84-48F8-4816-A497-2FE5438CAFC7}"
EndProject
Project("{FAE04EC0-301F-11D3-BF4B-00C04F79EFBC}") = "HubAndHost", "HubAndHost\HubAndHost.csproj", "{D0E96D28-52C7-4BD1-A466-3D095C40BDB2}"
EndProject
Project("{FAE04EC0-301F-11D3-BF4B-00C04F79EFBC}") = "SharedTypes", "SharedTypes\SharedTypes.csproj", "{343973B6-CE15-4F79-8C3F-ADF421A45830}"
EndProject
Global
	GlobalSection(SolutionConfigurationPlatforms) = preSolution
		Debug|Any CPU = Debug|Any CPU
		Release|Any CPU = Release|Any CPU
	EndGlobalSection
	GlobalSection(ProjectConfigurationPlatforms) = postSolution
		{EAF8B400-8B2D-441E-84BB-FBC899946E63}.Debug|Any CPU.ActiveCfg = Debug|Any CPU
		{EAF8B400-8B2D-441E-84BB-FBC899946E63}.Debug|Any CPU.Build.0 = Debug|Any CPU
		{EAF8B400-8B2D-441E-84BB-FBC899946E63}.Release|Any CPU.ActiveCfg = Release|Any CPU
		{EAF8B400-8B2D-441E-84BB-FBC899946E63}.Release|Any CPU.Build.0 = Release|Any CPU
		{E5F4F6FE-3260-4CCA-9597-5ADEA0B420CE}.Debug|Any CPU.ActiveCfg = Debug|Any CPU
		{E5F4F6FE-3260-4CCA-9597-5ADEA0B420CE}.Debug|Any CPU.Build.0 = Debug|Any CPU
		{E5F4F6FE-3260-4CCA-9597-5ADEA0B420CE}.Release|Any CPU.ActiveCfg = Release|Any CPU
		{E5F4F6FE-3260-4CCA-9597-5ADEA0B420CE}.Release|Any CPU.Build.0 = Release|Any CPU
		{00553EBD-CC9D-4898-A7FE-F4CA2C1D62A5}.Debug|Any CPU.ActiveCfg = Debug|Any CPU
		{00553EBD-CC9D-4898-A7FE-F4CA2C1D62A5}.Debug|Any CPU.Build.0 = Debug|Any CPU
		{00553EBD-CC9D-4898-A7FE-F4CA2C1D62A5}.Release|Any CPU.ActiveCfg = Release|Any CPU
		{00553EBD-CC9D-4898-A7FE-F4CA2C1D62A5}.Release|Any CPU.Build.0 = Release|Any CPU
		{62647E84-48F8-4816-A497-2FE5438CAFC7}.Debug|Any CPU.ActiveCfg = Debug|Any CPU
		{62647E84-48F8-4816-A497-2FE5438CAFC7}.Debug|Any CPU.Build.0 = Debug|Any CPU
		{62647E84-48F8-4816-A497-2FE5438CAFC7}.Release|Any CPU.ActiveCfg = Release|Any CPU
		{62647E84-48F8-4816-A497-2FE5438CAFC7}.Release|Any CPU.Build.0 = Release|Any CPU
		{D0E96D28-52C7-4BD1-A466-3D095C40BDB2}.Debug|Any CPU.ActiveCfg = Debug|Any CPU
		{D0E96D28-52C7-4BD1-A466-3D095C40BDB2}.Debug|Any CPU.Build.0 = Debug|Any CPU
		{D0E96D28-52C7-4BD1-A466-3D095C40BDB2}.Release|Any CPU.ActiveCfg = Release|Any CPU
		{D0E96D28-52C7-4BD1-A466-3D095C40BDB2}.Release|Any CPU.Build.0 = Release|Any CPU
		{343973B6-CE15-4F79-8C3F-ADF421A45830}.Debug|Any CPU.ActiveCfg = Debug|Any CPU
		{343973B6-CE15-4F79-8C3F-ADF421A45830}.Debug|Any CPU.Build.0 = Debug|Any CPU
		{343973B6-CE15-4F79-8C3F-ADF421A45830}.Release|Any CPU.ActiveCfg = Release|Any CPU
		{343973B6-CE15-4F79-8C3F-ADF421A45830}.Release|Any CPU.Build.0 = Release|Any CPU
	EndGlobalSection
	GlobalSection(SolutionProperties) = preSolution
		HideSolutionNode = FALSE
	EndGlobalSection
	GlobalSection(ExtensibilityGlobals) = postSolution
		SolutionGuid = {EF670B10-D004-4C10-A2A9-D379AED09F54}
	EndGlobalSection
EndGlobal
